
Microsoft Visual Studio Solution File, Format Version 12.00
# Visual Studio Version 16
VisualStudioVersion = 16.0.30907.101
MinimumVisualStudioVersion = 10.0.40219.1
Project("{F184B08F-C81C-45F6-A57F-5ABD9991F28F}") = "ProyectoAsistencia", "ProyectoAsistencia\ProyectoAsistencia.vbproj", "{1A0E6F4B-F609-4A70-AB8F-76E3F704E8BF}"
EndProject
Global
	GlobalSection(SolutionConfigurationPlatforms) = preSolution
		Debug|Any CPU = Debug|Any CPU
		Release|Any CPU = Release|Any CPU
	EndGlobalSection
	GlobalSection(ProjectConfigurationPlatforms) = postSolution
		{1A0E6F4B-F609-4A70-AB8F-76E3F704E8BF}.Debug|Any CPU.ActiveCfg = Debug|Any CPU
		{1A0E6F4B-F609-4A70-AB8F-76E3F704E8BF}.Debug|Any CPU.Build.0 = Debug|Any CPU
		{1A0E6F4B-F609-4A70-AB8F-76E3F704E8BF}.Release|Any CPU.ActiveCfg = Release|Any CPU
		{1A0E6F4B-F609-4A70-AB8F-76E3F704E8BF}.Release|Any CPU.Build.0 = Release|Any CPU
	EndGlobalSection
	GlobalSection(SolutionProperties) = preSolution
		HideSolutionNode = FALSE
	EndGlobalSection
	GlobalSection(ExtensibilityGlobals) = postSolution
		SolutionGuid = {3CDDADE9-C8EA-4759-8B23-C9CBEE4CCBD0}
	EndGlobalSection
EndGlobal
